github.com/shopspring/decimal v1.4.0 h1:bxl37RwXBklmTi0C79JfXCEBD1cqqHt0bbgBAGFp81k=
github.com/shopspring/decimal v1.4.0/go.mod h1:gawqmDU56v4yIKSwfBSFip1HdCCXN8/+DMd9qYNcwME=
github.com/uncle-gua/gateapi v0.0.0-20240906090118-241b8617ce56 h1:y1ValmCsDKClBGSzWm+FK12lt0pEH/uUJc24s3z7tso=
github.com/uncle-gua/gateapi v0.0.0-20240906090118-241b8617ce56/go.mod h1:4a8vG2aCC/Gn5FY75eeqK9R9DV2UKfsUjAJS1SPzZAo=
